
Microsoft Visual Studio Solution File, Format Version 12.00
# Visual Studio Version 17
VisualStudioVersion = 17.4.33110.190
MinimumVisualStudioVersion = 10.0.40219.1
Project("{FAE04EC0-301F-11D3-BF4B-00C04F79EFBC}") = "Proje_OPP", "Proje_OPP\Proje_OPP.csproj", "{FF842FA8-DAEF-41A4-97EB-77A6497F9CA8}"
EndProject
Global
	GlobalSection(SolutionConfigurationPlatforms) = preSolution
		Debug|Any CPU = Debug|Any CPU
		Release|Any CPU = Release|Any CPU
	EndGlobalSection
	GlobalSection(ProjectConfigurationPlatforms) = postSolution
		{FF842FA8-DAEF-41A4-97EB-77A6497F9CA8}.Debug|Any CPU.ActiveCfg = Debug|Any CPU
		{FF842FA8-DAEF-41A4-97EB-77A6497F9CA8}.Debug|Any CPU.Build.0 = Debug|Any CPU
		{FF842FA8-DAEF-41A4-97EB-77A6497F9CA8}.Release|Any CPU.ActiveCfg = Release|Any CPU
		{FF842FA8-DAEF-41A4-97EB-77A6497F9CA8}.Release|Any CPU.Build.0 = Release|Any CPU
	EndGlobalSection
	GlobalSection(SolutionProperties) = preSolution
		HideSolutionNode = FALSE
	EndGlobalSection
	GlobalSection(ExtensibilityGlobals) = postSolution
		SolutionGuid = {C10AED92-A6B3-4A3A-9A38-CD7D25186FD0}
	EndGlobalSection
EndGlobal
