
Microsoft Visual Studio Solution File, Format Version 12.00
# Visual Studio Version 17
VisualStudioVersion = 17.4.33110.190
MinimumVisualStudioVersion = 10.0.40219.1
Project("{FAE04EC0-301F-11D3-BF4B-00C04F79EFBC}") = "ProjeOOPDers1", "ProjeOOPDers1\ProjeOOPDers1.csproj", "{443029DC-07BE-4CA9-A426-81BBF82D36B9}"
EndProject
Global
	GlobalSection(SolutionConfigurationPlatforms) = preSolution
		Debug|Any CPU = Debug|Any CPU
		Release|Any CPU = Release|Any CPU
	EndGlobalSection
	GlobalSection(ProjectConfigurationPlatforms) = postSolution
		{443029DC-07BE-4CA9-A426-81BBF82D36B9}.Debug|Any CPU.ActiveCfg = Debug|Any CPU
		{443029DC-07BE-4CA9-A426-81BBF82D36B9}.Debug|Any CPU.Build.0 = Debug|Any CPU
		{443029DC-07BE-4CA9-A426-81BBF82D36B9}.Release|Any CPU.ActiveCfg = Release|Any CPU
		{443029DC-07BE-4CA9-A426-81BBF82D36B9}.Release|Any CPU.Build.0 = Release|Any CPU
	EndGlobalSection
	GlobalSection(SolutionProperties) = preSolution
		HideSolutionNode = FALSE
	EndGlobalSection
	GlobalSection(ExtensibilityGlobals) = postSolution
		SolutionGuid = {D4A22D22-759E-4C76-9E74-921861502EB1}
	EndGlobalSection
EndGlobal
