
Microsoft Visual Studio Solution File, Format Version 12.00
# Visual Studio Version 17
VisualStudioVersion = 17.3.32901.215
MinimumVisualStudioVersion = 10.0.40219.1
Project("{FAE04EC0-301F-11D3-BF4B-00C04F79EFBC}") = "CoreAndFood", "CoreAndFood\CoreAndFood.csproj", "{97AFB86B-E687-413D-BDBB-792D17B7B95B}"
EndProject
Global
	GlobalSection(SolutionConfigurationPlatforms) = preSolution
		Debug|Any CPU = Debug|Any CPU
		Release|Any CPU = Release|Any CPU
	EndGlobalSection
	GlobalSection(ProjectConfigurationPlatforms) = postSolution
		{97AFB86B-E687-413D-BDBB-792D17B7B95B}.Debug|Any CPU.ActiveCfg = Debug|Any CPU
		{97AFB86B-E687-413D-BDBB-792D17B7B95B}.Debug|Any CPU.Build.0 = Debug|Any CPU
		{97AFB86B-E687-413D-BDBB-792D17B7B95B}.Release|Any CPU.ActiveCfg = Release|Any CPU
		{97AFB86B-E687-413D-BDBB-792D17B7B95B}.Release|Any CPU.Build.0 = Release|Any CPU
	EndGlobalSection
	GlobalSection(SolutionProperties) = preSolution
		HideSolutionNode = FALSE
	EndGlobalSection
	GlobalSection(ExtensibilityGlobals) = postSolution
		SolutionGuid = {DAED834A-59A2-4779-AD54-4F81AF36BCBD}
	EndGlobalSection
EndGlobal
